
Microsoft Visual Studio Solution File, Format Version 12.00
# Visual Studio Version 17
VisualStudioVersion = 17.6.33723.286
MinimumVisualStudioVersion = 10.0.40219.1
Project("{FAE04EC0-301F-11D3-BF4B-00C04F79EFBC}") = "LINQ", "LINQ\LINQ.csproj", "{5C8DA43A-1053-43A6-A69B-EA2D6340B835}"
EndProject
Global
	GlobalSection(SolutionConfigurationPlatforms) = preSolution
		Debug|Any CPU = Debug|Any CPU
		Release|Any CPU = Release|Any CPU
	EndGlobalSection
	GlobalSection(ProjectConfigurationPlatforms) = postSolution
		{5C8DA43A-1053-43A6-A69B-EA2D6340B835}.Debug|Any CPU.ActiveCfg = Debug|Any CPU
		{5C8DA43A-1053-43A6-A69B-EA2D6340B835}.Debug|Any CPU.Build.0 = Debug|Any CPU
		{5C8DA43A-1053-43A6-A69B-EA2D6340B835}.Release|Any CPU.ActiveCfg = Release|Any CPU
		{5C8DA43A-1053-43A6-A69B-EA2D6340B835}.Release|Any CPU.Build.0 = Release|Any CPU
	EndGlobalSection
	GlobalSection(SolutionProperties) = preSolution
		HideSolutionNode = FALSE
	EndGlobalSection
	GlobalSection(ExtensibilityGlobals) = postSolution
		SolutionGuid = {366BAADF-5742-44CE-9589-817F3E8C958A}
	EndGlobalSection
EndGlobal
